
Microsoft Visual Studio Solution File, Format Version 12.00
# Visual Studio 15
VisualStudioVersion = 15.0.28307.572
MinimumVisualStudioVersion = 10.0.40219.1
Project("{FAE04EC0-301F-11D3-BF4B-00C04F79EFBC}") = "AppareilApple.Android", "AppareilApple\AppareilApple.Android\AppareilApple.Android.csproj", "{7DFB41E4-5201-455C-8280-638B1326C333}"
EndProject
Project("{FAE04EC0-301F-11D3-BF4B-00C04F79EFBC}") = "AppareilApple.iOS", "AppareilApple\AppareilApple.iOS\AppareilApple.iOS.csproj", "{8A153C2C-742F-4757-8BDF-3424DD70F725}"
EndProject
Project("{FAE04EC0-301F-11D3-BF4B-00C04F79EFBC}") = "AppareilApple.UWP", "AppareilApple\AppareilApple.UWP\AppareilApple.UWP.csproj", "{D42B1805-955A-43D0-9175-187020379B61}"
EndProject
Project("{FAE04EC0-301F-11D3-BF4B-00C04F79EFBC}") = "AppareilApple", "AppareilApple\AppareilApple\AppareilApple.csproj", "{4449FFE8-9BD0-41EA-8135-F21E638286AB}"
EndProject
Global
	GlobalSection(SolutionConfigurationPlatforms) = preSolution
		Ad-Hoc|Any CPU = Ad-Hoc|Any CPU
		Ad-Hoc|ARM = Ad-Hoc|ARM
		Ad-Hoc|iPhone = Ad-Hoc|iPhone
		Ad-Hoc|iPhoneSimulator = Ad-Hoc|iPhoneSimulator
		Ad-Hoc|x64 = Ad-Hoc|x64
		Ad-Hoc|x86 = Ad-Hoc|x86
		AppStore|Any CPU = AppStore|Any CPU
		AppStore|ARM = AppStore|ARM
		AppStore|iPhone = AppStore|iPhone
		AppStore|iPhoneSimulator = AppStore|iPhoneSimulator
		AppStore|x64 = AppStore|x64
		AppStore|x86 = AppStore|x86
		Debug|Any CPU = Debug|Any CPU
		Debug|ARM = Debug|ARM
		Debug|iPhone = Debug|iPhone
		Debug|iPhoneSimulator = Debug|iPhoneSimulator
		Debug|x64 = Debug|x64
		Debug|x86 = Debug|x86
		Release|Any CPU = Release|Any CPU
		Release|ARM = Release|ARM
		Release|iPhone = Release|iPhone
		Release|iPhoneSimulator = Release|iPhoneSimulator
		Release|x64 = Release|x64
		Release|x86 = Release|x86
	EndGlobalSection
	GlobalSection(ProjectConfigurationPlatforms) = postSolution
		{7DFB41E4-5201-455C-8280-638B1326C333}.Ad-Hoc|Any CPU.ActiveCfg = Release|Any CPU
		{7DFB41E4-5201-455C-8280-638B1326C333}.Ad-Hoc|Any CPU.Build.0 = Release|Any CPU
		{7DFB41E4-5201-455C-8280-638B1326C333}.Ad-Hoc|Any CPU.Deploy.0 = Release|Any CPU
		{7DFB41E4-5201-455C-8280-638B1326C333}.Ad-Hoc|ARM.ActiveCfg = Release|Any CPU
		{7DFB41E4-5201-455C-8280-638B1326C333}.Ad-Hoc|ARM.Build.0 = Release|Any CPU
		{7DFB41E4-5201-455C-8280-638B1326C333}.Ad-Hoc|ARM.Deploy.0 = Release|Any CPU
		{7DFB41E4-5201-455C-8280-638B1326C333}.Ad-Hoc|iPhone.ActiveCfg = Release|Any CPU
		{7DFB41E4-5201-455C-8280-638B1326C333}.Ad-Hoc|iPhone.Build.0 = Release|Any CPU
		{7DFB41E4-5201-455C-8280-638B1326C333}.Ad-Hoc|iPhone.Deploy.0 = Release|Any CPU
		{7DFB41E4-5201-455C-8280-638B1326C333}.Ad-Hoc|iPhoneSimulator.ActiveCfg = Release|Any CPU
		{7DFB41E4-5201-455C-8280-638B1326C333}.Ad-Hoc|iPhoneSimulator.Build.0 = Release|Any CPU
		{7DFB41E4-5201-455C-8280-638B1326C333}.Ad-Hoc|iPhoneSimulator.Deploy.0 = Release|Any CPU
		{7DFB41E4-5201-455C-8280-638B1326C333}.Ad-Hoc|x64.ActiveCfg = Release|Any CPU
		{7DFB41E4-5201-455C-8280-638B1326C333}.Ad-Hoc|x64.Build.0 = Release|Any CPU
		{7DFB41E4-5201-455C-8280-638B1326C333}.Ad-Hoc|x64.Deploy.0 = Release|Any CPU
		{7DFB41E4-5201-455C-8280-638B1326C333}.Ad-Hoc|x86.ActiveCfg = Release|Any CPU
		{7DFB41E4-5201-455C-8280-638B1326C333}.Ad-Hoc|x86.Build.0 = Release|Any CPU
		{7DFB41E4-5201-455C-8280-638B1326C333}.Ad-Hoc|x86.Deploy.0 = Release|Any CPU
		{7DFB41E4-5201-455C-8280-638B1326C333}.AppStore|Any CPU.ActiveCfg = Release|Any CPU
		{7DFB41E4-5201-455C-8280-638B1326C333}.AppStore|Any CPU.Build.0 = Release|Any CPU
		{7DFB41E4-5201-455C-8280-638B1326C333}.AppStore|Any CPU.Deploy.0 = Release|Any CPU
		{7DFB41E4-5201-455C-8280-638B1326C333}.AppStore|ARM.ActiveCfg = Release|Any CPU
		{7DFB41E4-5201-455C-8280-638B1326C333}.AppStore|ARM.Build.0 = Release|Any CPU
		{7DFB41E4-5201-455C-8280-638B1326C333}.AppStore|ARM.Deploy.0 = Release|Any CPU
		{7DFB41E4-5201-455C-8280-638B1326C333}.AppStore|iPhone.ActiveCfg = Release|Any CPU
		{7DFB41E4-5201-455C-8280-638B1326C333}.AppStore|iPhone.Build.0 = Release|Any CPU
		{7DFB41E4-5201-455C-8280-638B1326C333}.AppStore|iPhone.Deploy.0 = Release|Any CPU
		{7DFB41E4-5201-455C-8280-638B1326C333}.AppStore|iPhoneSimulator.ActiveCfg = Release|Any CPU
		{7DFB41E4-5201-455C-8280-638B1326C333}.AppStore|iPhoneSimulator.Build.0 = Release|Any CPU
		{7DFB41E4-5201-455C-8280-638B1326C333}.AppStore|iPhoneSimulator.Deploy.0 = Release|Any CPU
		{7DFB41E4-5201-455C-8280-638B1326C333}.AppStore|x64.ActiveCfg = Release|Any CPU
		{7DFB41E4-5201-455C-8280-638B1326C333}.AppStore|x64.Build.0 = Release|Any CPU
		{7DFB41E4-5201-455C-8280-638B1326C333}.AppStore|x64.Deploy.0 = Release|Any CPU
		{7DFB41E4-5201-455C-8280-638B1326C333}.AppStore|x86.ActiveCfg = Release|Any CPU
		{7DFB41E4-5201-455C-8280-638B1326C333}.AppStore|x86.Build.0 = Release|Any CPU
		{7DFB41E4-5201-455C-8280-638B1326C333}.AppStore|x86.Deploy.0 = Release|Any CPU
		{7DFB41E4-5201-455C-8280-638B1326C333}.Debug|Any CPU.ActiveCfg = Debug|Any CPU
		{7DFB41E4-5201-455C-8280-638B1326C333}.Debug|Any CPU.Build.0 = Debug|Any CPU
		{7DFB41E4-5201-455C-8280-638B1326C333}.Debug|Any CPU.Deploy.0 = Debug|Any CPU
		{7DFB41E4-5201-455C-8280-638B1326C333}.Debug|ARM.ActiveCfg = Debug|Any CPU
		{7DFB41E4-5201-455C-8280-638B1326C333}.Debug|ARM.Build.0 = Debug|Any CPU
		{7DFB41E4-5201-455C-8280-638B1326C333}.Debug|ARM.Deploy.0 = Debug|Any CPU
		{7DFB41E4-5201-455C-8280-638B1326C333}.Debug|iPhone.ActiveCfg = Debug|Any CPU
		{7DFB41E4-5201-455C-8280-638B1326C333}.Debug|iPhone.Build.0 = Debug|Any CPU
		{7DFB41E4-5201-455C-8280-638B1326C333}.Debug|iPhone.Deploy.0 = Debug|Any CPU
		{7DFB41E4-5201-455C-8280-638B1326C333}.Debug|iPhoneSimulator.ActiveCfg = Debug|Any CPU
		{7DFB41E4-5201-455C-8280-638B1326C333}.Debug|iPhoneSimulator.Build.0 = Debug|Any CPU
		{7DFB41E4-5201-455C-8280-638B1326C333}.Debug|iPhoneSimulator.Deploy.0 = Debug|Any CPU
		{7DFB41E4-5201-455C-8280-638B1326C333}.Debug|x64.ActiveCfg = Debug|Any CPU
		{7DFB41E4-5201-455C-8280-638B1326C333}.Debug|x64.Build.0 = Debug|Any CPU
		{7DFB41E4-5201-455C-8280-638B1326C333}.Debug|x64.Deploy.0 = Debug|Any CPU
		{7DFB41E4-5201-455C-8280-638B1326C333}.Debug|x86.ActiveCfg = Debug|Any CPU
		{7DFB41E4-5201-455C-8280-638B1326C333}.Debug|x86.Build.0 = Debug|Any CPU
		{7DFB41E4-5201-455C-8280-638B1326C333}.Debug|x86.Deploy.0 = Debug|Any CPU
		{7DFB41E4-5201-455C-8280-638B1326C333}.Release|Any CPU.ActiveCfg = Release|Any CPU
		{7DFB41E4-5201-455C-8280-638B1326C333}.Release|Any CPU.Build.0 = Release|Any CPU
		{7DFB41E4-5201-455C-8280-638B1326C333}.Release|Any CPU.Deploy.0 = Release|Any CPU
		{7DFB41E4-5201-455C-8280-638B1326C333}.Release|ARM.ActiveCfg = Release|Any CPU
		{7DFB41E4-5201-455C-8280-638B1326C333}.Release|ARM.Build.0 = Release|Any CPU
		{7DFB41E4-5201-455C-8280-638B1326C333}.Release|ARM.Deploy.0 = Release|Any CPU
		{7DFB41E4-5201-455C-8280-638B1326C333}.Release|iPhone.ActiveCfg = Release|Any CPU
		{7DFB41E4-5201-455C-8280-638B1326C333}.Release|iPhone.Build.0 = Release|Any CPU
		{7DFB41E4-5201-455C-8280-638B1326C333}.Release|iPhone.Deploy.0 = Release|Any CPU
		{7DFB41E4-5201-455C-8280-638B1326C333}.Release|iPhoneSimulator.ActiveCfg = Release|Any CPU
		{7DFB41E4-5201-455C-8280-638B1326C333}.Release|iPhoneSimulator.Build.0 = Release|Any CPU
		{7DFB41E4-5201-455C-8280-638B1326C333}.Release|iPhoneSimulator.Deploy.0 = Release|Any CPU
		{7DFB41E4-5201-455C-8280-638B1326C333}.Release|x64.ActiveCfg = Release|Any CPU
		{7DFB41E4-5201-455C-8280-638B1326C333}.Release|x64.Build.0 = Release|Any CPU
		{7DFB41E4-5201-455C-8280-638B1326C333}.Release|x64.Deploy.0 = Release|Any CPU
		{7DFB41E4-5201-455C-8280-638B1326C333}.Release|x86.ActiveCfg = Release|Any CPU
		{7DFB41E4-5201-455C-8280-638B1326C333}.Release|x86.Build.0 = Release|Any CPU
		{7DFB41E4-5201-455C-8280-638B1326C333}.Release|x86.Deploy.0 = Release|Any CPU
		{8A153C2C-742F-4757-8BDF-3424DD70F725}.Ad-Hoc|Any CPU.ActiveCfg = Ad-Hoc|iPhone
		{8A153C2C-742F-4757-8BDF-3424DD70F725}.Ad-Hoc|Any CPU.Build.0 = Ad-Hoc|iPhone
		{8A153C2C-742F-4757-8BDF-3424DD70F725}.Ad-Hoc|Any CPU.Deploy.0 = Ad-Hoc|iPhone
		{8A153C2C-742F-4757-8BDF-3424DD70F725}.Ad-Hoc|ARM.ActiveCfg = Ad-Hoc|iPhone
		{8A153C2C-742F-4757-8BDF-3424DD70F725}.Ad-Hoc|ARM.Build.0 = Ad-Hoc|iPhone
		{8A153C2C-742F-4757-8BDF-3424DD70F725}.Ad-Hoc|ARM.Deploy.0 = Ad-Hoc|iPhone
		{8A153C2C-742F-4757-8BDF-3424DD70F725}.Ad-Hoc|iPhone.ActiveCfg = Ad-Hoc|iPhone
		{8A153C2C-742F-4757-8BDF-3424DD70F725}.Ad-Hoc|iPhone.Build.0 = Ad-Hoc|iPhone
		{8A153C2C-742F-4757-8BDF-3424DD70F725}.Ad-Hoc|iPhone.Deploy.0 = Ad-Hoc|iPhone
		{8A153C2C-742F-4757-8BDF-3424DD70F725}.Ad-Hoc|iPhoneSimulator.ActiveCfg = Ad-Hoc|iPhoneSimulator
		{8A153C2C-742F-4757-8BDF-3424DD70F725}.Ad-Hoc|iPhoneSimulator.Build.0 = Ad-Hoc|iPhoneSimulator
		{8A153C2C-742F-4757-8BDF-3424DD70F725}.Ad-Hoc|iPhoneSimulator.Deploy.0 = Ad-Hoc|iPhoneSimulator
		{8A153C2C-742F-4757-8BDF-3424DD70F725}.Ad-Hoc|x64.ActiveCfg = Ad-Hoc|iPhone
		{8A153C2C-742F-4757-8BDF-3424DD70F725}.Ad-Hoc|x64.Build.0 = Ad-Hoc|iPhone
		{8A153C2C-742F-4757-8BDF-3424DD70F725}.Ad-Hoc|x64.Deploy.0 = Ad-Hoc|iPhone
		{8A153C2C-742F-4757-8BDF-3424DD70F725}.Ad-Hoc|x86.ActiveCfg = Ad-Hoc|iPhone
		{8A153C2C-742F-4757-8BDF-3424DD70F725}.Ad-Hoc|x86.Build.0 = Ad-Hoc|iPhone
		{8A153C2C-742F-4757-8BDF-3424DD70F725}.Ad-Hoc|x86.Deploy.0 = Ad-Hoc|iPhone
		{8A153C2C-742F-4757-8BDF-3424DD70F725}.AppStore|Any CPU.ActiveCfg = AppStore|iPhone
		{8A153C2C-742F-4757-8BDF-3424DD70F725}.AppStore|Any CPU.Build.0 = AppStore|iPhone
		{8A153C2C-742F-4757-8BDF-3424DD70F725}.AppStore|Any CPU.Deploy.0 = AppStore|iPhone
		{8A153C2C-742F-4757-8BDF-3424DD70F725}.AppStore|ARM.ActiveCfg = AppStore|iPhone
		{8A153C2C-742F-4757-8BDF-3424DD70F725}.AppStore|ARM.Build.0 = AppStore|iPhone
		{8A153C2C-742F-4757-8BDF-3424DD70F725}.AppStore|ARM.Deploy.0 = AppStore|iPhone
		{8A153C2C-742F-4757-8BDF-3424DD70F725}.AppStore|iPhone.ActiveCfg = AppStore|iPhone
		{8A153C2C-742F-4757-8BDF-3424DD70F725}.AppStore|iPhone.Build.0 = AppStore|iPhone
		{8A153C2C-742F-4757-8BDF-3424DD70F725}.AppStore|iPhone.Deploy.0 = AppStore|iPhone
		{8A153C2C-742F-4757-8BDF-3424DD70F725}.AppStore|iPhoneSimulator.ActiveCfg = AppStore|iPhoneSimulator
		{8A153C2C-742F-4757-8BDF-3424DD70F725}.AppStore|iPhoneSimulator.Build.0 = AppStore|iPhoneSimulator
		{8A153C2C-742F-4757-8BDF-3424DD70F725}.AppStore|iPhoneSimulator.Deploy.0 = AppStore|iPhoneSimulator
		{8A153C2C-742F-4757-8BDF-3424DD70F725}.AppStore|x64.ActiveCfg = AppStore|iPhone
		{8A153C2C-742F-4757-8BDF-3424DD70F725}.AppStore|x64.Build.0 = AppStore|iPhone
		{8A153C2C-742F-4757-8BDF-3424DD70F725}.AppStore|x64.Deploy.0 = AppStore|iPhone
		{8A153C2C-742F-4757-8BDF-3424DD70F725}.AppStore|x86.ActiveCfg = AppStore|iPhone
		{8A153C2C-742F-4757-8BDF-3424DD70F725}.AppStore|x86.Build.0 = AppStore|iPhone
		{8A153C2C-742F-4757-8BDF-3424DD70F725}.AppStore|x86.Deploy.0 = AppStore|iPhone
		{8A153C2C-742F-4757-8BDF-3424DD70F725}.Debug|Any CPU.ActiveCfg = Debug|iPhoneSimulator
		{8A153C2C-742F-4757-8BDF-3424DD70F725}.Debug|Any CPU.Build.0 = Debug|iPhoneSimulator
		{8A153C2C-742F-4757-8BDF-3424DD70F725}.Debug|Any CPU.Deploy.0 = Debug|iPhoneSimulator
		{8A153C2C-742F-4757-8BDF-3424DD70F725}.Debug|ARM.ActiveCfg = Debug|iPhone
		{8A153C2C-742F-4757-8BDF-3424DD70F725}.Debug|ARM.Build.0 = Debug|iPhone
		{8A153C2C-742F-4757-8BDF-3424DD70F725}.Debug|ARM.Deploy.0 = Debug|iPhone
		{8A153C2C-742F-4757-8BDF-3424DD70F725}.Debug|iPhone.ActiveCfg = Debug|iPhone
		{8A153C2C-742F-4757-8BDF-3424DD70F725}.Debug|iPhone.Build.0 = Debug|iPhone
		{8A153C2C-742F-4757-8BDF-3424DD70F725}.Debug|iPhone.Deploy.0 = Debug|iPhone
		{8A153C2C-742F-4757-8BDF-3424DD70F725}.Debug|iPhoneSimulator.ActiveCfg = Debug|iPhoneSimulator
		{8A153C2C-742F-4757-8BDF-3424DD70F725}.Debug|iPhoneSimulator.Build.0 = Debug|iPhoneSimulator
		{8A153C2C-742F-4757-8BDF-3424DD70F725}.Debug|iPhoneSimulator.Deploy.0 = Debug|iPhoneSimulator
		{8A153C2C-742F-4757-8BDF-3424DD70F725}.Debug|x64.ActiveCfg = Debug|iPhone
		{8A153C2C-742F-4757-8BDF-3424DD70F725}.Debug|x64.Build.0 = Debug|iPhone
		{8A153C2C-742F-4757-8BDF-3424DD70F725}.Debug|x64.Deploy.0 = Debug|iPhone
		{8A153C2C-742F-4757-8BDF-3424DD70F725}.Debug|x86.ActiveCfg = Debug|iPhone
		{8A153C2C-742F-4757-8BDF-3424DD70F725}.Debug|x86.Build.0 = Debug|iPhone
		{8A153C2C-742F-4757-8BDF-3424DD70F725}.Debug|x86.Deploy.0 = Debug|iPhone
		{8A153C2C-742F-4757-8BDF-3424DD70F725}.Release|Any CPU.ActiveCfg = Release|iPhone
		{8A153C2C-742F-4757-8BDF-3424DD70F725}.Release|Any CPU.Build.0 = Release|iPhone
		{8A153C2C-742F-4757-8BDF-3424DD70F725}.Release|Any CPU.Deploy.0 = Release|iPhone
		{8A153C2C-742F-4757-8BDF-3424DD70F725}.Release|ARM.ActiveCfg = Release|iPhone
		{8A153C2C-742F-4757-8BDF-3424DD70F725}.Release|ARM.Build.0 = Release|iPhone
		{8A153C2C-742F-4757-8BDF-3424DD70F725}.Release|ARM.Deploy.0 = Release|iPhone
		{8A153C2C-742F-4757-8BDF-3424DD70F725}.Release|iPhone.ActiveCfg = Release|iPhone
		{8A153C2C-742F-4757-8BDF-3424DD70F725}.Release|iPhone.Build.0 = Release|iPhone
		{8A153C2C-742F-4757-8BDF-3424DD70F725}.Release|iPhone.Deploy.0 = Release|iPhone
		{8A153C2C-742F-4757-8BDF-3424DD70F725}.Release|iPhoneSimulator.ActiveCfg = Release|iPhoneSimulator
		{8A153C2C-742F-4757-8BDF-3424DD70F725}.Release|iPhoneSimulator.Build.0 = Release|iPhoneSimulator
		{8A153C2C-742F-4757-8BDF-3424DD70F725}.Release|iPhoneSimulator.Deploy.0 = Release|iPhoneSimulator
		{8A153C2C-742F-4757-8BDF-3424DD70F725}.Release|x64.ActiveCfg = Release|iPhone
		{8A153C2C-742F-4757-8BDF-3424DD70F725}.Release|x64.Build.0 = Release|iPhone
		{8A153C2C-742F-4757-8BDF-3424DD70F725}.Release|x64.Deploy.0 = Release|iPhone
		{8A153C2C-742F-4757-8BDF-3424DD70F725}.Release|x86.ActiveCfg = Release|iPhone
		{8A153C2C-742F-4757-8BDF-3424DD70F725}.Release|x86.Build.0 = Release|iPhone
		{8A153C2C-742F-4757-8BDF-3424DD70F725}.Release|x86.Deploy.0 = Release|iPhone
		{D42B1805-955A-43D0-9175-187020379B61}.Ad-Hoc|Any CPU.ActiveCfg = Release|x86
		{D42B1805-955A-43D0-9175-187020379B61}.Ad-Hoc|Any CPU.Build.0 = Release|x86
		{D42B1805-955A-43D0-9175-187020379B61}.Ad-Hoc|Any CPU.Deploy.0 = Release|x86
		{D42B1805-955A-43D0-9175-187020379B61}.Ad-Hoc|ARM.ActiveCfg = Release|ARM
		{D42B1805-955A-43D0-9175-187020379B61}.Ad-Hoc|ARM.Build.0 = Release|ARM
		{D42B1805-955A-43D0-9175-187020379B61}.Ad-Hoc|ARM.Deploy.0 = Release|ARM
		{D42B1805-955A-43D0-9175-187020379B61}.Ad-Hoc|iPhone.ActiveCfg = Release|x86
		{D42B1805-955A-43D0-9175-187020379B61}.Ad-Hoc|iPhone.Build.0 = Release|x86
		{D42B1805-955A-43D0-9175-187020379B61}.Ad-Hoc|iPhone.Deploy.0 = Release|x86
		{D42B1805-955A-43D0-9175-187020379B61}.Ad-Hoc|iPhoneSimulator.ActiveCfg = Release|x86
		{D42B1805-955A-43D0-9175-187020379B61}.Ad-Hoc|iPhoneSimulator.Build.0 = Release|x86
		{D42B1805-955A-43D0-9175-187020379B61}.Ad-Hoc|iPhoneSimulator.Deploy.0 = Release|x86
		{D42B1805-955A-43D0-9175-187020379B61}.Ad-Hoc|x64.ActiveCfg = Release|x64
		{D42B1805-955A-43D0-9175-187020379B61}.Ad-Hoc|x64.Build.0 = Release|x64
		{D42B1805-955A-43D0-9175-187020379B61}.Ad-Hoc|x64.Deploy.0 = Release|x64
		{D42B1805-955A-43D0-9175-187020379B61}.Ad-Hoc|x86.ActiveCfg = Release|x86
		{D42B1805-955A-43D0-9175-187020379B61}.Ad-Hoc|x86.Build.0 = Release|x86
		{D42B1805-955A-43D0-9175-187020379B61}.Ad-Hoc|x86.Deploy.0 = Release|x86
		{D42B1805-955A-43D0-9175-187020379B61}.AppStore|Any CPU.ActiveCfg = Release|x86
		{D42B1805-955A-43D0-9175-187020379B61}.AppStore|Any CPU.Build.0 = Release|x86
		{D42B1805-955A-43D0-9175-187020379B61}.AppStore|Any CPU.Deploy.0 = Release|x86
		{D42B1805-955A-43D0-9175-187020379B61}.AppStore|ARM.ActiveCfg = Release|ARM
		{D42B1805-955A-43D0-9175-187020379B61}.AppStore|ARM.Build.0 = Release|ARM
		{D42B1805-955A-43D0-9175-187020379B61}.AppStore|ARM.Deploy.0 = Release|ARM
		{D42B1805-955A-43D0-9175-187020379B61}.AppStore|iPhone.ActiveCfg = Release|x86
		{D42B1805-955A-43D0-9175-187020379B61}.AppStore|iPhone.Build.0 = Release|x86
		{D42B1805-955A-43D0-9175-187020379B61}.AppStore|iPhone.Deploy.0 = Release|x86
		{D42B1805-955A-43D0-9175-187020379B61}.AppStore|iPhoneSimulator.ActiveCfg = Release|x86
		{D42B1805-955A-43D0-9175-187020379B61}.AppStore|iPhoneSimulator.Build.0 = Release|x86
		{D42B1805-955A-43D0-9175-187020379B61}.AppStore|iPhoneSimulator.Deploy.0 = Release|x86
		{D42B1805-955A-43D0-9175-187020379B61}.AppStore|x64.ActiveCfg = Release|x64
		{D42B1805-955A-43D0-9175-187020379B61}.AppStore|x64.Build.0 = Release|x64
		{D42B1805-955A-43D0-9175-187020379B61}.AppStore|x64.Deploy.0 = Release|x64
		{D42B1805-955A-43D0-9175-187020379B61}.AppStore|x86.ActiveCfg = Release|x86
		{D42B1805-955A-43D0-9175-187020379B61}.AppStore|x86.Build.0 = Release|x86
		{D42B1805-955A-43D0-9175-187020379B61}.AppStore|x86.Deploy.0 = Release|x86
		{D42B1805-955A-43D0-9175-187020379B61}.Debug|Any CPU.ActiveCfg = Debug|x86
		{D42B1805-955A-43D0-9175-187020379B61}.Debug|Any CPU.Build.0 = Debug|x86
		{D42B1805-955A-43D0-9175-187020379B61}.Debug|Any CPU.Deploy.0 = Debug|x86
		{D42B1805-955A-43D0-9175-187020379B61}.Debug|ARM.ActiveCfg = Debug|ARM
		{D42B1805-955A-43D0-9175-187020379B61}.Debug|ARM.Build.0 = Debug|ARM
		{D42B1805-955A-43D0-9175-187020379B61}.Debug|ARM.Deploy.0 = Debug|ARM
		{D42B1805-955A-43D0-9175-187020379B61}.Debug|iPhone.ActiveCfg = Debug|x86
		{D42B1805-955A-43D0-9175-187020379B61}.Debug|iPhone.Build.0 = Debug|x86
		{D42B1805-955A-43D0-9175-187020379B61}.Debug|iPhone.Deploy.0 = Debug|x86
		{D42B1805-955A-43D0-9175-187020379B61}.Debug|iPhoneSimulator.ActiveCfg = Debug|x86
		{D42B1805-955A-43D0-9175-187020379B61}.Debug|iPhoneSimulator.Build.0 = Debug|x86
		{D42B1805-955A-43D0-9175-187020379B61}.Debug|iPhoneSimulator.Deploy.0 = Debug|x86
		{D42B1805-955A-43D0-9175-187020379B61}.Debug|x64.ActiveCfg = Debug|x64
		{D42B1805-955A-43D0-9175-187020379B61}.Debug|x64.Build.0 = Debug|x64
		{D42B1805-955A-43D0-9175-187020379B61}.Debug|x64.Deploy.0 = Debug|x64
		{D42B1805-955A-43D0-9175-187020379B61}.Debug|x86.ActiveCfg = Debug|x86
		{D42B1805-955A-43D0-9175-187020379B61}.Debug|x86.Build.0 = Debug|x86
		{D42B1805-955A-43D0-9175-187020379B61}.Debug|x86.Deploy.0 = Debug|x86
		{D42B1805-955A-43D0-9175-187020379B61}.Release|Any CPU.ActiveCfg = Release|x86
		{D42B1805-955A-43D0-9175-187020379B61}.Release|Any CPU.Build.0 = Release|x86
		{D42B1805-955A-43D0-9175-187020379B61}.Release|Any CPU.Deploy.0 = Release|x86
		{D42B1805-955A-43D0-9175-187020379B61}.Release|ARM.ActiveCfg = Release|ARM
		{D42B1805-955A-43D0-9175-187020379B61}.Release|ARM.Build.0 = Release|ARM
		{D42B1805-955A-43D0-9175-187020379B61}.Release|ARM.Deploy.0 = Release|ARM
		{D42B1805-955A-43D0-9175-187020379B61}.Release|iPhone.ActiveCfg = Release|x86
		{D42B1805-955A-43D0-9175-187020379B61}.Release|iPhone.Build.0 = Release|x86
		{D42B1805-955A-43D0-9175-187020379B61}.Release|iPhone.Deploy.0 = Release|x86
		{D42B1805-955A-43D0-9175-187020379B61}.Release|iPhoneSimulator.ActiveCfg = Release|x86
		{D42B1805-955A-43D0-9175-187020379B61}.Release|iPhoneSimulator.Build.0 = Release|x86
		{D42B1805-955A-43D0-9175-187020379B61}.Release|iPhoneSimulator.Deploy.0 = Release|x86
		{D42B1805-955A-43D0-9175-187020379B61}.Release|x64.ActiveCfg = Release|x64
		{D42B1805-955A-43D0-9175-187020379B61}.Release|x64.Build.0 = Release|x64
		{D42B1805-955A-43D0-9175-187020379B61}.Release|x64.Deploy.0 = Release|x64
		{D42B1805-955A-43D0-9175-187020379B61}.Release|x86.ActiveCfg = Release|x86
		{D42B1805-955A-43D0-9175-187020379B61}.Release|x86.Build.0 = Release|x86
		{D42B1805-955A-43D0-9175-187020379B61}.Release|x86.Deploy.0 = Release|x86
		{4449FFE8-9BD0-41EA-8135-F21E638286AB}.Ad-Hoc|Any CPU.ActiveCfg = Debug|Any CPU
		{4449FFE8-9BD0-41EA-8135-F21E638286AB}.Ad-Hoc|Any CPU.Build.0 = Debug|Any CPU
		{4449FFE8-9BD0-41EA-8135-F21E638286AB}.Ad-Hoc|Any CPU.Deploy.0 = Debug|Any CPU
		{4449FFE8-9BD0-41EA-8135-F21E638286AB}.Ad-Hoc|ARM.ActiveCfg = Debug|Any CPU
		{4449FFE8-9BD0-41EA-8135-F21E638286AB}.Ad-Hoc|ARM.Build.0 = Debug|Any CPU
		{4449FFE8-9BD0-41EA-8135-F21E638286AB}.Ad-Hoc|ARM.Deploy.0 = Debug|Any CPU
		{4449FFE8-9BD0-41EA-8135-F21E638286AB}.Ad-Hoc|iPhone.ActiveCfg = Debug|Any CPU
		{4449FFE8-9BD0-41EA-8135-F21E638286AB}.Ad-Hoc|iPhone.Build.0 = Debug|Any CPU
		{4449FFE8-9BD0-41EA-8135-F21E638286AB}.Ad-Hoc|iPhone.Deploy.0 = Debug|Any CPU
		{4449FFE8-9BD0-41EA-8135-F21E638286AB}.Ad-Hoc|iPhoneSimulator.ActiveCfg = Debug|Any CPU
		{4449FFE8-9BD0-41EA-8135-F21E638286AB}.Ad-Hoc|iPhoneSimulator.Build.0 = Debug|Any CPU
		{4449FFE8-9BD0-41EA-8135-F21E638286AB}.Ad-Hoc|iPhoneSimulator.Deploy.0 = Debug|Any CPU
		{4449FFE8-9BD0-41EA-8135-F21E638286AB}.Ad-Hoc|x64.ActiveCfg = Debug|Any CPU
		{4449FFE8-9BD0-41EA-8135-F21E638286AB}.Ad-Hoc|x64.Build.0 = Debug|Any CPU
		{4449FFE8-9BD0-41EA-8135-F21E638286AB}.Ad-Hoc|x64.Deploy.0 = Debug|Any CPU
		{4449FFE8-9BD0-41EA-8135-F21E638286AB}.Ad-Hoc|x86.ActiveCfg = Debug|Any CPU
		{4449FFE8-9BD0-41EA-8135-F21E638286AB}.Ad-Hoc|x86.Build.0 = Debug|Any CPU
		{4449FFE8-9BD0-41EA-8135-F21E638286AB}.Ad-Hoc|x86.Deploy.0 = Debug|Any CPU
		{4449FFE8-9BD0-41EA-8135-F21E638286AB}.AppStore|Any CPU.ActiveCfg = Debug|Any CPU
		{4449FFE8-9BD0-41EA-8135-F21E638286AB}.AppStore|Any CPU.Build.0 = Debug|Any CPU
		{4449FFE8-9BD0-41EA-8135-F21E638286AB}.AppStore|Any CPU.Deploy.0 = Debug|Any CPU
		{4449FFE8-9BD0-41EA-8135-F21E638286AB}.AppStore|ARM.ActiveCfg = Debug|Any CPU
		{4449FFE8-9BD0-41EA-8135-F21E638286AB}.AppStore|ARM.Build.0 = Debug|Any CPU
		{4449FFE8-9BD0-41EA-8135-F21E638286AB}.AppStore|ARM.Deploy.0 = Debug|Any CPU
		{4449FFE8-9BD0-41EA-8135-F21E638286AB}.AppStore|iPhone.ActiveCfg = Debug|Any CPU
		{4449FFE8-9BD0-41EA-8135-F21E638286AB}.AppStore|iPhone.Build.0 = Debug|Any CPU
		{4449FFE8-9BD0-41EA-8135-F21E638286AB}.AppStore|iPhone.Deploy.0 = Debug|Any CPU
		{4449FFE8-9BD0-41EA-8135-F21E638286AB}.AppStore|iPhoneSimulator.ActiveCfg = Debug|Any CPU
		{4449FFE8-9BD0-41EA-8135-F21E638286AB}.AppStore|iPhoneSimulator.Build.0 = Debug|Any CPU
		{4449FFE8-9BD0-41EA-8135-F21E638286AB}.AppStore|iPhoneSimulator.Deploy.0 = Debug|Any CPU
		{4449FFE8-9BD0-41EA-8135-F21E638286AB}.AppStore|x64.ActiveCfg = Debug|Any CPU
		{4449FFE8-9BD0-41EA-8135-F21E638286AB}.AppStore|x64.Build.0 = Debug|Any CPU
		{4449FFE8-9BD0-41EA-8135-F21E638286AB}.AppStore|x64.Deploy.0 = Debug|Any CPU
		{4449FFE8-9BD0-41EA-8135-F21E638286AB}.AppStore|x86.ActiveCfg = Debug|Any CPU
		{4449FFE8-9BD0-41EA-8135-F21E638286AB}.AppStore|x86.Build.0 = Debug|Any CPU
		{4449FFE8-9BD0-41EA-8135-F21E638286AB}.AppStore|x86.Deploy.0 = Debug|Any CPU
		{4449FFE8-9BD0-41EA-8135-F21E638286AB}.Debug|Any CPU.ActiveCfg = Debug|Any CPU
		{4449FFE8-9BD0-41EA-8135-F21E638286AB}.Debug|Any CPU.Build.0 = Debug|Any CPU
		{4449FFE8-9BD0-41EA-8135-F21E638286AB}.Debug|Any CPU.Deploy.0 = Debug|Any CPU
		{4449FFE8-9BD0-41EA-8135-F21E638286AB}.Debug|ARM.ActiveCfg = Debug|Any CPU
		{4449FFE8-9BD0-41EA-8135-F21E638286AB}.Debug|ARM.Build.0 = Debug|Any CPU
		{4449FFE8-9BD0-41EA-8135-F21E638286AB}.Debug|ARM.Deploy.0 = Debug|Any CPU
		{4449FFE8-9BD0-41EA-8135-F21E638286AB}.Debug|iPhone.ActiveCfg = Debug|Any CPU
		{4449FFE8-9BD0-41EA-8135-F21E638286AB}.Debug|iPhone.Build.0 = Debug|Any CPU
		{4449FFE8-9BD0-41EA-8135-F21E638286AB}.Debug|iPhone.Deploy.0 = Debug|Any CPU
		{4449FFE8-9BD0-41EA-8135-F21E638286AB}.Debug|iPhoneSimulator.ActiveCfg = Debug|Any CPU
		{4449FFE8-9BD0-41EA-8135-F21E638286AB}.Debug|iPhoneSimulator.Build.0 = Debug|Any CPU
		{4449FFE8-9BD0-41EA-8135-F21E638286AB}.Debug|iPhoneSimulator.Deploy.0 = Debug|Any CPU
		{4449FFE8-9BD0-41EA-8135-F21E638286AB}.Debug|x64.ActiveCfg = Debug|Any CPU
		{4449FFE8-9BD0-41EA-8135-F21E638286AB}.Debug|x64.Build.0 = Debug|Any CPU
		{4449FFE8-9BD0-41EA-8135-F21E638286AB}.Debug|x64.Deploy.0 = Debug|Any CPU
		{4449FFE8-9BD0-41EA-8135-F21E638286AB}.Debug|x86.ActiveCfg = Debug|Any CPU
		{4449FFE8-9BD0-41EA-8135-F21E638286AB}.Debug|x86.Build.0 = Debug|Any CPU
		{4449FFE8-9BD0-41EA-8135-F21E638286AB}.Debug|x86.Deploy.0 = Debug|Any CPU
		{4449FFE8-9BD0-41EA-8135-F21E638286AB}.Release|Any CPU.ActiveCfg = Release|Any CPU
		{4449FFE8-9BD0-41EA-8135-F21E638286AB}.Release|Any CPU.Build.0 = Release|Any CPU
		{4449FFE8-9BD0-41EA-8135-F21E638286AB}.Release|Any CPU.Deploy.0 = Release|Any CPU
		{4449FFE8-9BD0-41EA-8135-F21E638286AB}.Release|ARM.ActiveCfg = Release|Any CPU
		{4449FFE8-9BD0-41EA-8135-F21E638286AB}.Release|ARM.Build.0 = Release|Any CPU
		{4449FFE8-9BD0-41EA-8135-F21E638286AB}.Release|ARM.Deploy.0 = Release|Any CPU
		{4449FFE8-9BD0-41EA-8135-F21E638286AB}.Release|iPhone.ActiveCfg = Release|Any CPU
		{4449FFE8-9BD0-41EA-8135-F21E638286AB}.Release|iPhone.Build.0 = Release|Any CPU
		{4449FFE8-9BD0-41EA-8135-F21E638286AB}.Release|iPhone.Deploy.0 = Release|Any CPU
		{4449FFE8-9BD0-41EA-8135-F21E638286AB}.Release|iPhoneSimulator.ActiveCfg = Release|Any CPU
		{4449FFE8-9BD0-41EA-8135-F21E638286AB}.Release|iPhoneSimulator.Build.0 = Release|Any CPU
		{4449FFE8-9BD0-41EA-8135-F21E638286AB}.Release|iPhoneSimulator.Deploy.0 = Release|Any CPU
		{4449FFE8-9BD0-41EA-8135-F21E638286AB}.Release|x64.ActiveCfg = Release|Any CPU
		{4449FFE8-9BD0-41EA-8135-F21E638286AB}.Release|x64.Build.0 = Release|Any CPU
		{4449FFE8-9BD0-41EA-8135-F21E638286AB}.Release|x64.Deploy.0 = Release|Any CPU
		{4449FFE8-9BD0-41EA-8135-F21E638286AB}.Release|x86.ActiveCfg = Release|Any CPU
		{4449FFE8-9BD0-41EA-8135-F21E638286AB}.Release|x86.Build.0 = Release|Any CPU
		{4449FFE8-9BD0-41EA-8135-F21E638286AB}.Release|x86.Deploy.0 = Release|Any CPU
	EndGlobalSection
	GlobalSection(SolutionProperties) = preSolution
		HideSolutionNode = FALSE
	EndGlobalSection
	GlobalSection(ExtensibilityGlobals) = postSolution
		SolutionGuid = {48578C21-4A74-49AD-AB61-92BF25D24CF8}
	EndGlobalSection
EndGlobal
